{
    "_readme": [
        "This file locks the dependencies of your project to a known state",
        "Read more about it at https://getcomposer.org/doc/01-basic-usage.md#composer-lock-the-lock-file",
        "This file is @generated automatically"
    ],
    "content-hash": "3652f6387c72e7c52df2e3654412a5ec",
    "packages": [
        {
            "name": "openbuildings/environment-backup",
            "version": "0.1.2",
            "source": {
                "type": "git",
                "url": "https://github.com/OpenBuildings/environment-backup.git",
                "reference": "db94e7c77fa9d35b48a5e40218d335f1891d805e"
            },
            "dist": {
                "type": "zip",
                "url": "https://api.github.com/repos/OpenBuildings/environment-backup/zipball/db94e7c77fa9d35b48a5e40218d335f1891d805e",
                "reference": "db94e7c77fa9d35b48a5e40218d335f1891d805e",
                "shasum": ""
            },
            "require-dev": {
                "openbuildings/kohana-test-bootstrap": "^0.2",
                "phpunit/phpunit": "^4.0, <4.5"
            },
            "type": "library",
            "autoload": {
                "psr-4": {
                    "Openbuildings\\EnvironmentBackup\\": "src/"
                }
            },
            "notification-url": "https://packagist.org/downloads/",
            "license": [
                "BSD-3-Clause"
            ],
            "authors": [
                {
                    "name": "Ivan Kerin",
                    "email": "ivan@openbuildings.com",
                    "role": "Author"
                }
            ],
            "description": "Backup/restore environment variables: globals, static vars, configs",
            "time": "2016-10-01T12:08:40+00:00"
        },
        {
            "name": "openbuildings/spiderling",
            "version": "0.2.26",
            "source": {
                "type": "git",
                "url": "https://github.com/OpenBuildings/spiderling.git",
                "reference": "f49536ac508fe1214d2f0407dd239eb6dec6505d"
            },
            "dist": {
                "type": "zip",
                "url": "https://api.github.com/repos/OpenBuildings/spiderling/zipball/f49536ac508fe1214d2f0407dd239eb6dec6505d",
                "reference": "f49536ac508fe1214d2f0407dd239eb6dec6505d",
                "shasum": ""
            },
            "require": {
                "openbuildings/environment-backup": "~0.1.1",
                "symfony/css-selector": "^2.3|^3.0"
            },
            "require-dev": {
                "openbuildings/kohana-test-bootstrap": "^0.2",
                "phpunit/phpunit": "^4.0|^5.0",
                "se/selenium-server-standalone": "2.40"
            },
            "type": "library",
            "autoload": {
                "psr-0": {
                    "Openbuildings\\Spiderling\\": "src/"
                }
            },
            "notification-url": "https://packagist.org/downloads/",
            "license": [
                "BSD-3-Clause"
            ],
            "authors": [
                {
                    "name": "Ivan Kerin",
                    "email": "ivan@openbuildings.com",
                    "role": "Author"
                }
            ],
            "description": "Crawl the web with kohana, phantomjs or selenium",
            "time": "2016-09-29T07:05:05+00:00"
        },
        {
            "name": "symfony/css-selector",
            "version": "v3.2.6",
            "source": {
                "type": "git",
                "url": "https://github.com/symfony/css-selector.git",
                "reference": "a48f13dc83c168f1253a5d2a5a4fb46c36244c4c"
            },
            "dist": {
                "type": "zip",
                "url": "https://api.github.com/repos/symfony/css-selector/zipball/a48f13dc83c168f1253a5d2a5a4fb46c36244c4c",
                "reference": "a48f13dc83c168f1253a5d2a5a4fb46c36244c4c",
                "shasum": ""
            },
            "require": {
                "php": ">=5.5.9"
            },
            "type": "library",
            "extra": {
                "branch-alias": {
                    "dev-master": "3.2-dev"
                }
            },
            "autoload": {
                "psr-4": {
                    "Symfony\\Component\\CssSelector\\": ""
                },
                "exclude-from-classmap": [
                    "/Tests/"
                ]
            },
            "notification-url": "https://packagist.org/downloads/",
            "license": [
                "MIT"
            ],
            "authors": [
                {
                    "name": "Jean-François Simon",
                    "email": "jeanfrancois.simon@sensiolabs.com"
                },
                {
                    "name": "Fabien Potencier",
                    "email": "fabien@symfony.com"
                },
                {
                    "name": "Symfony Community",
                    "homepage": "https://symfony.com/contributors"
                }
            ],
            "description": "Symfony CssSelector Component",
            "homepage": "https://symfony.com",
            "time": "2017-02-21T09:12:04+00:00"
        }
    ],
    "packages-dev": [
        {
            "name": "se/selenium-server-standalone",
            "version": "v2.53.1",
            "source": {
                "type": "git",
                "url": "https://github.com/sveneisenschmidt/selenium-server-standalone.git",
                "reference": "ef4eea9c99efb9c0e3084e9cae625662ccd43361"
            },
            "dist": {
                "type": "zip",
                "url": "https://api.github.com/repos/sveneisenschmidt/selenium-server-standalone/zipball/ef4eea9c99efb9c0e3084e9cae625662ccd43361",
                "reference": "ef4eea9c99efb9c0e3084e9cae625662ccd43361",
                "shasum": ""
            },
            "require-dev": {
                "phpunit/phpunit": "~4.0"
            },
            "bin": [
                "bin/selenium-server-standalone"
            ],
            "type": "library",
            "notification-url": "https://packagist.org/downloads/",
            "license": [
                "Apache 2.0"
            ],
            "authors": [
                {
                    "name": "Sven Eisenschmidt",
                    "email": "sven.eisenschmidt@gmail.com"
                }
            ],
            "description": "Composer distribution of Selenium Server Standalone, the browser automation framework. Adds a executable to your composer bin directory.",
            "homepage": "https://github.com/sveneisenschmidt/selenium-server-standalone",
            "keywords": [
                "selenium",
                "testing"
            ],
            "time": "2016-07-01T14:16:52+00:00"
        }
    ],
    "aliases": [],
    "minimum-stability": "stable",
    "stability-flags": [],
    "prefer-stable": false,
    "prefer-lowest": false,
    "platform": [],
    "platform-dev": []
}
