{
    "_readme": [
        "This file locks the dependencies of your project to a known state",
        "Read more about it at http://getcomposer.org/doc/01-basic-usage.md#composer-lock-the-lock-file"
    ],
    "hash": "53ddff978bda2a71803dae6ad100f363",
    "packages": [
        {
            "name": "openbuildings/environment-backup",
            "version": "0.1.1",
            "source": {
                "type": "git",
                "url": "https://github.com/OpenBuildings/environment-backup.git",
                "reference": "382d388ec2a9d9c414965a20347671328ab0b1f2"
            },
            "dist": {
                "type": "zip",
                "url": "https://api.github.com/repos/OpenBuildings/environment-backup/zipball/382d388ec2a9d9c414965a20347671328ab0b1f2",
                "reference": "382d388ec2a9d9c414965a20347671328ab0b1f2",
                "shasum": ""
            },
            "require-dev": {
                "openbuildings/kohana-test-bootsrap": "dev-master"
            },
            "type": "library",
            "autoload": {
                "psr-0": {
                    "Openbuildings\\EnvironmentBackup\\": "src/"
                }
            },
            "notification-url": "https://packagist.org/downloads/",
            "license": [
                "BSD-3-Clause"
            ],
            "authors": [
                {
                    "name": "Ivan Kerin",
                    "email": "ivan@openbuildings.com",
                    "homepage": "https://github.com/OpenBuildings/jam",
                    "role": "Author"
                }
            ],
            "description": "Backup/restore environment variables: globals, static vars, configs",
            "time": "2013-07-24 07:26:52"
        },
        {
            "name": "openbuildings/spiderling",
            "version": "0.2.14",
            "source": {
                "type": "git",
                "url": "https://github.com/OpenBuildings/spiderling.git",
                "reference": "c061d7c59238df27545c470e7cf6aec8ce4ab9fd"
            },
            "dist": {
                "type": "zip",
                "url": "https://api.github.com/repos/OpenBuildings/spiderling/zipball/c061d7c59238df27545c470e7cf6aec8ce4ab9fd",
                "reference": "c061d7c59238df27545c470e7cf6aec8ce4ab9fd",
                "shasum": ""
            },
            "require": {
                "openbuildings/environment-backup": "0.1.*",
                "symfony/css-selector": "2.3.*"
            },
            "require-dev": {
                "claylo/selenium-server-standalone": "2.*",
                "openbuildings/kohana-test-bootsrap": "0.1.*"
            },
            "type": "library",
            "autoload": {
                "psr-0": {
                    "Openbuildings\\Spiderling\\": "src/"
                }
            },
            "notification-url": "https://packagist.org/downloads/",
            "license": [
                "BSD-3-Clause"
            ],
            "authors": [
                {
                    "name": "Ivan Kerin",
                    "email": "ivan@openbuildings.com",
                    "homepage": "https://github.com/OpenBuildings/jam",
                    "role": "Author"
                }
            ],
            "description": "Crawl the web with kohana, phantomjs or selenium",
            "time": "2013-12-17 09:42:05"
        },
        {
            "name": "symfony/css-selector",
            "version": "v2.3.13",
            "target-dir": "Symfony/Component/CssSelector",
            "source": {
                "type": "git",
                "url": "https://github.com/symfony/CssSelector.git",
                "reference": "0d2ab42d49536760f045069415832c9c604c8cc7"
            },
            "dist": {
                "type": "zip",
                "url": "https://api.github.com/repos/symfony/CssSelector/zipball/0d2ab42d49536760f045069415832c9c604c8cc7",
                "reference": "0d2ab42d49536760f045069415832c9c604c8cc7",
                "shasum": ""
            },
            "require": {
                "php": ">=5.3.3"
            },
            "type": "library",
            "extra": {
                "branch-alias": {
                    "dev-master": "2.3-dev"
                }
            },
            "autoload": {
                "psr-0": {
                    "Symfony\\Component\\CssSelector\\": ""
                }
            },
            "notification-url": "https://packagist.org/downloads/",
            "license": [
                "MIT"
            ],
            "authors": [
                {
                    "name": "Fabien Potencier",
                    "email": "fabien@symfony.com",
                    "homepage": "http://fabien.potencier.org",
                    "role": "Lead Developer"
                },
                {
                    "name": "Symfony Community",
                    "homepage": "http://symfony.com/contributors"
                },
                {
                    "name": "Jean-François Simon",
                    "email": "jeanfrancois.simon@sensiolabs.com"
                }
            ],
            "description": "Symfony CssSelector Component",
            "homepage": "http://symfony.com",
            "time": "2014-04-18 20:35:25"
        }
    ],
    "packages-dev": [
        {
            "name": "claylo/selenium-server-standalone",
            "version": "2.32.0",
            "source": {
                "type": "git",
                "url": "https://github.com/claylo/selenium-server-standalone.git",
                "reference": "8ceae6ce2b2257e7f0cee573640e77a3591af111"
            },
            "dist": {
                "type": "zip",
                "url": "https://api.github.com/repos/claylo/selenium-server-standalone/zipball/8ceae6ce2b2257e7f0cee573640e77a3591af111",
                "reference": "8ceae6ce2b2257e7f0cee573640e77a3591af111",
                "shasum": ""
            },
            "type": "library",
            "notification-url": "https://packagist.org/downloads/",
            "license": [
                "Apache-2.0"
            ],
            "authors": [
                {
                    "name": "OpenQA",
                    "homepage": "http://seleniumhq.org/"
                }
            ],
            "description": "Composer distribution of Selenium Server Standalone, the browser automation framework.",
            "keywords": [
                "selenium",
                "testing"
            ],
            "time": "2013-04-17 02:08:23"
        },
        {
            "name": "openbuildings/kohana-test-bootsrap",
            "version": "0.1.2",
            "source": {
                "type": "git",
                "url": "https://github.com/OpenBuildings/kohana-test-bootstrap.git",
                "reference": "57c9cae9bd97edbe58d1c41c35c499c7d54f4030"
            },
            "dist": {
                "type": "zip",
                "url": "https://api.github.com/repos/OpenBuildings/kohana-test-bootstrap/zipball/57c9cae9bd97edbe58d1c41c35c499c7d54f4030",
                "reference": "57c9cae9bd97edbe58d1c41c35c499c7d54f4030",
                "shasum": ""
            },
            "type": "library",
            "autoload": {
                "files": [
                    "bootstrap.php"
                ]
            },
            "notification-url": "https://packagist.org/downloads/",
            "license": [
                "BSD-3-Clause"
            ],
            "authors": [
                {
                    "name": "Ivan Kerin",
                    "email": "ivan@openbuildings.com",
                    "homepage": "https://github.com/OpenBuildings/jam",
                    "role": "Author"
                }
            ],
            "description": "Kohana core classes repackaged with composer, used to test modules",
            "time": "2013-10-01 08:57:54"
        }
    ],
    "aliases": [

    ],
    "minimum-stability": "stable",
    "stability-flags": [

    ],
    "platform": [

    ],
    "platform-dev": [

    ]
}
