{
    "_readme": [
        "This file locks the dependencies of your project to a known state",
        "Read more about it at https://getcomposer.org/doc/01-basic-usage.md#composer-lock-the-lock-file",
        "This file is @generated automatically"
    ],
    "content-hash": "94b983f166a8cbd7e715116fcf052a86",
    "packages": [
        {
            "name": "openbuildings/environment-backup",
            "version": "0.1.1",
            "source": {
                "type": "git",
                "url": "https://github.com/OpenBuildings/environment-backup.git",
                "reference": "382d388ec2a9d9c414965a20347671328ab0b1f2"
            },
            "dist": {
                "type": "zip",
                "url": "https://api.github.com/repos/OpenBuildings/environment-backup/zipball/382d388ec2a9d9c414965a20347671328ab0b1f2",
                "reference": "382d388ec2a9d9c414965a20347671328ab0b1f2",
                "shasum": ""
            },
            "require-dev": {
                "openbuildings/kohana-test-bootsrap": "dev-master"
            },
            "type": "library",
            "autoload": {
                "psr-0": {
                    "Openbuildings\\EnvironmentBackup\\": "src/"
                }
            },
            "notification-url": "https://packagist.org/downloads/",
            "license": [
                "BSD-3-Clause"
            ],
            "authors": [
                {
                    "name": "Ivan Kerin",
                    "email": "ivan@openbuildings.com",
                    "homepage": "https://github.com/OpenBuildings/jam",
                    "role": "Author"
                }
            ],
            "description": "Backup/restore environment variables: globals, static vars, configs",
            "time": "2013-07-24 07:26:52"
        },
        {
            "name": "openbuildings/spiderling",
            "version": "0.2.23",
            "source": {
                "type": "git",
                "url": "https://github.com/OpenBuildings/spiderling.git",
                "reference": "6e7756b4393ccb2107c12d9bd88c5396df69a327"
            },
            "dist": {
                "type": "zip",
                "url": "https://api.github.com/repos/OpenBuildings/spiderling/zipball/6e7756b4393ccb2107c12d9bd88c5396df69a327",
                "reference": "6e7756b4393ccb2107c12d9bd88c5396df69a327",
                "shasum": ""
            },
            "require": {
                "openbuildings/environment-backup": "~0.1.1",
                "symfony/css-selector": "~2.6.6"
            },
            "require-dev": {
                "openbuildings/kohana-test-bootsrap": "~0.1.2"
            },
            "type": "library",
            "autoload": {
                "psr-0": {
                    "Openbuildings\\Spiderling\\": "src/"
                }
            },
            "notification-url": "https://packagist.org/downloads/",
            "license": [
                "BSD-3-Clause"
            ],
            "authors": [
                {
                    "name": "Ivan Kerin",
                    "email": "ivan@openbuildings.com",
                    "role": "Author"
                }
            ],
            "description": "Crawl the web with kohana, phantomjs or selenium",
            "time": "2015-09-03 15:15:02"
        },
        {
            "name": "symfony/css-selector",
            "version": "v2.6.11",
            "target-dir": "Symfony/Component/CssSelector",
            "source": {
                "type": "git",
                "url": "https://github.com/symfony/css-selector.git",
                "reference": "560e446b93883050a5874908652e8e912e8cbe44"
            },
            "dist": {
                "type": "zip",
                "url": "https://api.github.com/repos/symfony/css-selector/zipball/560e446b93883050a5874908652e8e912e8cbe44",
                "reference": "560e446b93883050a5874908652e8e912e8cbe44",
                "shasum": ""
            },
            "require": {
                "php": ">=5.3.3"
            },
            "require-dev": {
                "symfony/phpunit-bridge": "~2.7"
            },
            "type": "library",
            "extra": {
                "branch-alias": {
                    "dev-master": "2.6-dev"
                }
            },
            "autoload": {
                "psr-0": {
                    "Symfony\\Component\\CssSelector\\": ""
                }
            },
            "notification-url": "https://packagist.org/downloads/",
            "license": [
                "MIT"
            ],
            "authors": [
                {
                    "name": "Jean-François Simon",
                    "email": "jeanfrancois.simon@sensiolabs.com"
                },
                {
                    "name": "Fabien Potencier",
                    "email": "fabien@symfony.com"
                },
                {
                    "name": "Symfony Community",
                    "homepage": "https://symfony.com/contributors"
                }
            ],
            "description": "Symfony CssSelector Component",
            "homepage": "https://symfony.com",
            "time": "2015-05-15 13:32:45"
        }
    ],
    "packages-dev": [
        {
            "name": "kohana/core",
            "version": "v3.3.6",
            "source": {
                "type": "git",
                "url": "https://github.com/kohana/core.git",
                "reference": "bdbe81afb5a09cee4269d2e2210a0d293265231a"
            },
            "dist": {
                "type": "zip",
                "url": "https://api.github.com/repos/kohana/core/zipball/bdbe81afb5a09cee4269d2e2210a0d293265231a",
                "reference": "bdbe81afb5a09cee4269d2e2210a0d293265231a",
                "shasum": ""
            },
            "require": {
                "php": ">=5.3.3"
            },
            "require-dev": {
                "kohana/koharness": "*@dev",
                "kohana/unittest": "3.3.*@dev"
            },
            "suggest": {
                "ext-curl": "*",
                "ext-http": "*",
                "ext-mcrypt": "*"
            },
            "type": "library",
            "extra": {
                "installer-paths": {
                    "vendor/{$vendor}/{$name}": [
                        "type:kohana-module"
                    ]
                },
                "branch-alias": {
                    "dev-3.3/develop": "3.3.x-dev",
                    "dev-3.4/develop": "3.4.x-dev"
                }
            },
            "notification-url": "https://packagist.org/downloads/",
            "license": [
                "BSD-3-Clause"
            ],
            "authors": [
                {
                    "name": "Kohana Team",
                    "email": "team@kohanaframework.org",
                    "homepage": "http://kohanaframework.org/team",
                    "role": "developer"
                }
            ],
            "description": "Core system classes for the Kohana application framework",
            "homepage": "http://kohanaframework.org",
            "keywords": [
                "framework",
                "kohana"
            ],
            "time": "2016-07-25 13:15:13"
        },
        {
            "name": "openbuildings/kohana-test-bootstrap",
            "version": "0.2.0",
            "source": {
                "type": "git",
                "url": "https://github.com/OpenBuildings/kohana-test-bootstrap.git",
                "reference": "83b9e254f385b907c859b8332e4396b151a7e80e"
            },
            "dist": {
                "type": "zip",
                "url": "https://api.github.com/repos/OpenBuildings/kohana-test-bootstrap/zipball/83b9e254f385b907c859b8332e4396b151a7e80e",
                "reference": "83b9e254f385b907c859b8332e4396b151a7e80e",
                "shasum": ""
            },
            "require": {
                "kohana/core": "^3.3"
            },
            "type": "library",
            "autoload": {
                "files": [
                    "bootstrap.php"
                ]
            },
            "notification-url": "https://packagist.org/downloads/",
            "license": [
                "BSD-3-Clause"
            ],
            "authors": [
                {
                    "name": "Ivan Kerin",
                    "email": "ikerin@gmail.com",
                    "role": "Author"
                },
                {
                    "name": "Haralan Dobrev",
                    "email": "hkdobrev@gmail.com",
                    "role": "Maintainer"
                }
            ],
            "description": "Helper package for testing Kohana modules",
            "time": "2016-07-28 14:07:23"
        },
        {
            "name": "se/selenium-server-standalone",
            "version": "v2.46.0",
            "source": {
                "type": "git",
                "url": "https://github.com/sveneisenschmidt/selenium-server-standalone.git",
                "reference": "96e00effc36b985c7880c0ca8d0c184755564b0f"
            },
            "dist": {
                "type": "zip",
                "url": "https://api.github.com/repos/sveneisenschmidt/selenium-server-standalone/zipball/96e00effc36b985c7880c0ca8d0c184755564b0f",
                "reference": "96e00effc36b985c7880c0ca8d0c184755564b0f",
                "shasum": ""
            },
            "bin": [
                "composer/bin/selenium-server-standalone"
            ],
            "type": "library",
            "notification-url": "https://packagist.org/downloads/",
            "license": [
                "Apache 2.0"
            ],
            "authors": [
                {
                    "name": "Sven Eisenschmidt",
                    "email": "sven.eisenschmidt@gmail.com"
                }
            ],
            "description": "Composer distribution of Selenium Server Standalone, the browser automation framework. Adds a executable to your composer bin directory.",
            "homepage": "https://github.com/sveneisenschmidt/selenium-server-standalone",
            "keywords": [
                "selenium",
                "testing"
            ],
            "time": "2015-06-05 06:02:48"
        }
    ],
    "aliases": [],
    "minimum-stability": "stable",
    "stability-flags": [],
    "prefer-stable": false,
    "prefer-lowest": false,
    "platform": [],
    "platform-dev": []
}
